
Microsoft Visual Studio Solution File, Format Version 12.00
# Visual Studio Version 16
VisualStudioVersion = 16.0.28922.388
MinimumVisualStudioVersion = 10.0.40219.1
Project("{FAE04EC0-301F-11D3-BF4B-00C04F79EFBC}") = "core", "core.csproj", "{A6555441-844D-41B4-8553-F5B61E8BD9EE}"
EndProject
Global
	GlobalSection(SolutionConfigurationPlatforms) = preSolution
		Debug|Any CPU = Debug|Any CPU
		Release|Any CPU = Release|Any CPU
	EndGlobalSection
	GlobalSection(ProjectConfigurationPlatforms) = postSolution
		{A6555441-844D-41B4-8553-F5B61E8BD9EE}.Debug|Any CPU.ActiveCfg = Debug|Any CPU
		{A6555441-844D-41B4-8553-F5B61E8BD9EE}.Debug|Any CPU.Build.0 = Debug|Any CPU
		{A6555441-844D-41B4-8553-F5B61E8BD9EE}.Release|Any CPU.ActiveCfg = Release|Any CPU
		{A6555441-844D-41B4-8553-F5B61E8BD9EE}.Release|Any CPU.Build.0 = Release|Any CPU
	EndGlobalSection
	GlobalSection(SolutionProperties) = preSolution
		HideSolutionNode = FALSE
	EndGlobalSection
	GlobalSection(ExtensibilityGlobals) = postSolution
		SolutionGuid = {D1FC9C8C-7FCC-4F84-8BA1-FE71DE4FA9AE}
	EndGlobalSection
EndGlobal
